
Microsoft Visual Studio Solution File, Format Version 12.00
# Visual Studio Version 16
VisualStudioVersion = 16.0.31729.503
MinimumVisualStudioVersion = 10.0.40219.1
Project("{FAE04EC0-301F-11D3-BF4B-00C04F79EFBC}") = "Presentation", "Presentation\Presentation.csproj", "{F955AD75-3E17-43B3-89D2-0100B15EE842}"
EndProject
Project("{FAE04EC0-301F-11D3-BF4B-00C04F79EFBC}") = "DataAccess", "DataAccess\DataAccess.csproj", "{FE850262-56F8-4CDA-853E-8840CF54D241}"
EndProject
Project("{FAE04EC0-301F-11D3-BF4B-00C04F79EFBC}") = "Domain", "Domain\Domain.csproj", "{C5EAA9F9-B15D-482C-A81D-D2DDE16EEAC0}"
EndProject
Global
	GlobalSection(SolutionConfigurationPlatforms) = preSolution
		Debug|Any CPU = Debug|Any CPU
		Release|Any CPU = Release|Any CPU
	EndGlobalSection
	GlobalSection(ProjectConfigurationPlatforms) = postSolution
		{F955AD75-3E17-43B3-89D2-0100B15EE842}.Debug|Any CPU.ActiveCfg = Debug|Any CPU
		{F955AD75-3E17-43B3-89D2-0100B15EE842}.Debug|Any CPU.Build.0 = Debug|Any CPU
		{F955AD75-3E17-43B3-89D2-0100B15EE842}.Release|Any CPU.ActiveCfg = Release|Any CPU
		{F955AD75-3E17-43B3-89D2-0100B15EE842}.Release|Any CPU.Build.0 = Release|Any CPU
		{FE850262-56F8-4CDA-853E-8840CF54D241}.Debug|Any CPU.ActiveCfg = Debug|Any CPU
		{FE850262-56F8-4CDA-853E-8840CF54D241}.Debug|Any CPU.Build.0 = Debug|Any CPU
		{FE850262-56F8-4CDA-853E-8840CF54D241}.Release|Any CPU.ActiveCfg = Release|Any CPU
		{FE850262-56F8-4CDA-853E-8840CF54D241}.Release|Any CPU.Build.0 = Release|Any CPU
		{C5EAA9F9-B15D-482C-A81D-D2DDE16EEAC0}.Debug|Any CPU.ActiveCfg = Debug|Any CPU
		{C5EAA9F9-B15D-482C-A81D-D2DDE16EEAC0}.Debug|Any CPU.Build.0 = Debug|Any CPU
		{C5EAA9F9-B15D-482C-A81D-D2DDE16EEAC0}.Release|Any CPU.ActiveCfg = Release|Any CPU
		{C5EAA9F9-B15D-482C-A81D-D2DDE16EEAC0}.Release|Any CPU.Build.0 = Release|Any CPU
	EndGlobalSection
	GlobalSection(SolutionProperties) = preSolution
		HideSolutionNode = FALSE
	EndGlobalSection
	GlobalSection(ExtensibilityGlobals) = postSolution
		SolutionGuid = {A576C371-5966-4413-AEE3-8724BD44EA00}
	EndGlobalSection
EndGlobal
